// !$*UTF8*$!
{
	archiveVersion = 1;
	classes = {
	};
	objectVersion = 46;
	objects = {

/* Begin PBXBuildFile section */
		431176B61E36B83D0044069A /* Importer.swift in Sources */ = {isa = PBXBuildFile; fileRef = 431176B51E36B83D0044069A /* Importer.swift */; };
		431176B81E36B8710044069A /* ManagedObjectContextFetchable.swift in Sources */ = {isa = PBXBuildFile; fileRef = 431176B71E36B8710044069A /* ManagedObjectContextFetchable.swift */; };
		431176BA1E36BB630044069A /* RepositoryProtocol.swift in Sources */ = {isa = PBXBuildFile; fileRef = 431176B91E36BB630044069A /* RepositoryProtocol.swift */; };
		431176BC1E36BC0E0044069A /* Repository.swift in Sources */ = {isa = PBXBuildFile; fileRef = 431176BB1E36BC0E0044069A /* Repository.swift */; };
		432F74011E3855D8006AB740 /* Constants.swift in Sources */ = {isa = PBXBuildFile; fileRef = 432F74001E3855D8006AB740 /* Constants.swift */; };
		432F74041E39059E006AB740 /* ShiftTwoTableViewCell.swift in Sources */ = {isa = PBXBuildFile; fileRef = 432F74021E39059E006AB740 /* ShiftTwoTableViewCell.swift */; };
		432F74051E39059E006AB740 /* ShiftTwoTableViewCell.xib in Resources */ = {isa = PBXBuildFile; fileRef = 432F74031E39059E006AB740 /* ShiftTwoTableViewCell.xib */; };
		432F74071E391368006AB740 /* ShiftTwoTableViewConfigurator.swift in Sources */ = {isa = PBXBuildFile; fileRef = 432F74061E391368006AB740 /* ShiftTwoTableViewConfigurator.swift */; };
		432F740A1E3996D2006AB740 /* ShiftThreeTableViewCell.swift in Sources */ = {isa = PBXBuildFile; fileRef = 432F74081E3996D2006AB740 /* ShiftThreeTableViewCell.swift */; };
		432F740B1E3996D2006AB740 /* ShiftThreeTableViewCell.xib in Resources */ = {isa = PBXBuildFile; fileRef = 432F74091E3996D2006AB740 /* ShiftThreeTableViewCell.xib */; };
		432F740D1E39988A006AB740 /* ShiftThreeTableViewConfigurator.swift in Sources */ = {isa = PBXBuildFile; fileRef = 432F740C1E39988A006AB740 /* ShiftThreeTableViewConfigurator.swift */; };
		437557011E36714D0002FDB6 /* AppDelegate.swift in Sources */ = {isa = PBXBuildFile; fileRef = 437557001E36714D0002FDB6 /* AppDelegate.swift */; };
		437557061E36714D0002FDB6 /* Main.storyboard in Resources */ = {isa = PBXBuildFile; fileRef = 437557041E36714D0002FDB6 /* Main.storyboard */; };
		437557081E36714D0002FDB6 /* Assets.xcassets in Resources */ = {isa = PBXBuildFile; fileRef = 437557071E36714D0002FDB6 /* Assets.xcassets */; };
		4375570B1E36714D0002FDB6 /* LaunchScreen.storyboard in Resources */ = {isa = PBXBuildFile; fileRef = 437557091E36714D0002FDB6 /* LaunchScreen.storyboard */; };
		437557151E3673B00002FDB6 /* CoreDataStack.swift in Sources */ = {isa = PBXBuildFile; fileRef = 437557141E3673B00002FDB6 /* CoreDataStack.swift */; };
		437557181E3674E40002FDB6 /* Scheduler.xcdatamodeld in Sources */ = {isa = PBXBuildFile; fileRef = 437557161E3674E40002FDB6 /* Scheduler.xcdatamodeld */; };
		437557601E369F2C0002FDB6 /* ScheduleTableViewController.swift in Sources */ = {isa = PBXBuildFile; fileRef = 4375575F1E369F2C0002FDB6 /* ScheduleTableViewController.swift */; };
		437557741E36A33E0002FDB6 /* Employee.swift in Sources */ = {isa = PBXBuildFile; fileRef = 437557731E36A33E0002FDB6 /* Employee.swift */; };
		437557761E36A35C0002FDB6 /* Location.swift in Sources */ = {isa = PBXBuildFile; fileRef = 437557751E36A35C0002FDB6 /* Location.swift */; };
		437557781E36A36A0002FDB6 /* Position.swift in Sources */ = {isa = PBXBuildFile; fileRef = 437557771E36A36A0002FDB6 /* Position.swift */; };
		4375577A1E36A3830002FDB6 /* Shift.swift in Sources */ = {isa = PBXBuildFile; fileRef = 437557791E36A3830002FDB6 /* Shift.swift */; };
		4375577D1E36ACC90002FDB6 /* ShiftTableViewCell.swift in Sources */ = {isa = PBXBuildFile; fileRef = 4375577B1E36ACC90002FDB6 /* ShiftTableViewCell.swift */; };
		4375577E1E36ACC90002FDB6 /* ShiftTableViewCell.xib in Resources */ = {isa = PBXBuildFile; fileRef = 4375577C1E36ACC90002FDB6 /* ShiftTableViewCell.xib */; };
		437557801E36AD580002FDB6 /* MangedObjectProtocol.swift in Sources */ = {isa = PBXBuildFile; fileRef = 4375577F1E36AD580002FDB6 /* MangedObjectProtocol.swift */; };
		437557821E36AE540002FDB6 /* Employee+Extension.swift in Sources */ = {isa = PBXBuildFile; fileRef = 437557811E36AE540002FDB6 /* Employee+Extension.swift */; };
		437557841E36B00C0002FDB6 /* Location+Extension.swift in Sources */ = {isa = PBXBuildFile; fileRef = 437557831E36B00C0002FDB6 /* Location+Extension.swift */; };
		437557861E36B0400002FDB6 /* Position+Extension.swift in Sources */ = {isa = PBXBuildFile; fileRef = 437557851E36B0400002FDB6 /* Position+Extension.swift */; };
		437557881E36B0AC0002FDB6 /* Shift+Extension.swift in Sources */ = {isa = PBXBuildFile; fileRef = 437557871E36B0AC0002FDB6 /* Shift+Extension.swift */; };
		43B81A041E36F5DA009AAB01 /* FetchedResultsDataProvider.swift in Sources */ = {isa = PBXBuildFile; fileRef = 43B81A031E36F5DA009AAB01 /* FetchedResultsDataProvider.swift */; };
		43B81A061E36F61B009AAB01 /* ItemProviderProtocol.swift in Sources */ = {isa = PBXBuildFile; fileRef = 43B81A051E36F61B009AAB01 /* ItemProviderProtocol.swift */; };
		43B81A081E36F9EC009AAB01 /* TableViewDataSource.swift in Sources */ = {isa = PBXBuildFile; fileRef = 43B81A071E36F9EC009AAB01 /* TableViewDataSource.swift */; };
		43B81A0A1E36FA55009AAB01 /* TableViewConfiguratorProtocol.swift in Sources */ = {isa = PBXBuildFile; fileRef = 43B81A091E36FA55009AAB01 /* TableViewConfiguratorProtocol.swift */; };
		43B81A0D1E36FAC8009AAB01 /* ShiftTableViewConfigurator.swift in Sources */ = {isa = PBXBuildFile; fileRef = 43B81A0C1E36FAC8009AAB01 /* ShiftTableViewConfigurator.swift */; };
/* End PBXBuildFile section */

/* Begin PBXFileReference section */
		431176B51E36B83D0044069A /* Importer.swift */ = {isa = PBXFileReference; fileEncoding = 4; lastKnownFileType = sourcecode.swift; path = Importer.swift; sourceTree = "<group>"; };
		431176B71E36B8710044069A /* ManagedObjectContextFetchable.swift */ = {isa = PBXFileReference; fileEncoding = 4; lastKnownFileType = sourcecode.swift; path = ManagedObjectContextFetchable.swift; sourceTree = "<group>"; };
		431176B91E36BB630044069A /* RepositoryProtocol.swift */ = {isa = PBXFileReference; fileEncoding = 4; lastKnownFileType = sourcecode.swift; path = RepositoryProtocol.swift; sourceTree = "<group>"; };
		431176BB1E36BC0E0044069A /* Repository.swift */ = {isa = PBXFileReference; fileEncoding = 4; lastKnownFileType = sourcecode.swift; path = Repository.swift; sourceTree = "<group>"; };
		432F74001E3855D8006AB740 /* Constants.swift */ = {isa = PBXFileReference; fileEncoding = 4; lastKnownFileType = sourcecode.swift; path = Constants.swift; sourceTree = "<group>"; };
		432F74021E39059E006AB740 /* ShiftTwoTableViewCell.swift */ = {isa = PBXFileReference; fileEncoding = 4; lastKnownFileType = sourcecode.swift; path = ShiftTwoTableViewCell.swift; sourceTree = "<group>"; };
		432F74031E39059E006AB740 /* ShiftTwoTableViewCell.xib */ = {isa = PBXFileReference; fileEncoding = 4; lastKnownFileType = file.xib; path = ShiftTwoTableViewCell.xib; sourceTree = "<group>"; };
		432F74061E391368006AB740 /* ShiftTwoTableViewConfigurator.swift */ = {isa = PBXFileReference; fileEncoding = 4; lastKnownFileType = sourcecode.swift; path = ShiftTwoTableViewConfigurator.swift; sourceTree = "<group>"; };
		432F74081E3996D2006AB740 /* ShiftThreeTableViewCell.swift */ = {isa = PBXFileReference; fileEncoding = 4; lastKnownFileType = sourcecode.swift; path = ShiftThreeTableViewCell.swift; sourceTree = "<group>"; };
		432F74091E3996D2006AB740 /* ShiftThreeTableViewCell.xib */ = {isa = PBXFileReference; fileEncoding = 4; lastKnownFileType = file.xib; path = ShiftThreeTableViewCell.xib; sourceTree = "<group>"; };
		432F740C1E39988A006AB740 /* ShiftThreeTableViewConfigurator.swift */ = {isa = PBXFileReference; fileEncoding = 4; lastKnownFileType = sourcecode.swift; path = ShiftThreeTableViewConfigurator.swift; sourceTree = "<group>"; };
		437556FD1E36714D0002FDB6 /* GenericSchedule.app */ = {isa = PBXFileReference; explicitFileType = wrapper.application; includeInIndex = 0; path = GenericSchedule.app; sourceTree = BUILT_PRODUCTS_DIR; };
		437557001E36714D0002FDB6 /* AppDelegate.swift */ = {isa = PBXFileReference; lastKnownFileType = sourcecode.swift; path = AppDelegate.swift; sourceTree = "<group>"; };
		437557051E36714D0002FDB6 /* Base */ = {isa = PBXFileReference; lastKnownFileType = file.storyboard; name = Base; path = Base.lproj/Main.storyboard; sourceTree = "<group>"; };
		437557071E36714D0002FDB6 /* Assets.xcassets */ = {isa = PBXFileReference; lastKnownFileType = folder.assetcatalog; path = Assets.xcassets; sourceTree = "<group>"; };
		4375570A1E36714D0002FDB6 /* Base */ = {isa = PBXFileReference; lastKnownFileType = file.storyboard; name = Base; path = Base.lproj/LaunchScreen.storyboard; sourceTree = "<group>"; };
		4375570C1E36714D0002FDB6 /* Info.plist */ = {isa = PBXFileReference; lastKnownFileType = text.plist.xml; path = Info.plist; sourceTree = "<group>"; };
		437557141E3673B00002FDB6 /* CoreDataStack.swift */ = {isa = PBXFileReference; fileEncoding = 4; lastKnownFileType = sourcecode.swift; path = CoreDataStack.swift; sourceTree = "<group>"; };
		437557171E3674E40002FDB6 /* Scheduler.xcdatamodel */ = {isa = PBXFileReference; lastKnownFileType = wrapper.xcdatamodel; path = Scheduler.xcdatamodel; sourceTree = "<group>"; };
		4375575F1E369F2C0002FDB6 /* ScheduleTableViewController.swift */ = {isa = PBXFileReference; fileEncoding = 4; lastKnownFileType = sourcecode.swift; path = ScheduleTableViewController.swift; sourceTree = "<group>"; };
		437557731E36A33E0002FDB6 /* Employee.swift */ = {isa = PBXFileReference; fileEncoding = 4; lastKnownFileType = sourcecode.swift; path = Employee.swift; sourceTree = "<group>"; };
		437557751E36A35C0002FDB6 /* Location.swift */ = {isa = PBXFileReference; fileEncoding = 4; lastKnownFileType = sourcecode.swift; path = Location.swift; sourceTree = "<group>"; };
		437557771E36A36A0002FDB6 /* Position.swift */ = {isa = PBXFileReference; fileEncoding = 4; lastKnownFileType = sourcecode.swift; path = Position.swift; sourceTree = "<group>"; };
		437557791E36A3830002FDB6 /* Shift.swift */ = {isa = PBXFileReference; fileEncoding = 4; lastKnownFileType = sourcecode.swift; path = Shift.swift; sourceTree = "<group>"; };
		4375577B1E36ACC90002FDB6 /* ShiftTableViewCell.swift */ = {isa = PBXFileReference; fileEncoding = 4; lastKnownFileType = sourcecode.swift; path = ShiftTableViewCell.swift; sourceTree = "<group>"; };
		4375577C1E36ACC90002FDB6 /* ShiftTableViewCell.xib */ = {isa = PBXFileReference; fileEncoding = 4; lastKnownFileType = file.xib; path = ShiftTableViewCell.xib; sourceTree = "<group>"; };
		4375577F1E36AD580002FDB6 /* MangedObjectProtocol.swift */ = {isa = PBXFileReference; fileEncoding = 4; lastKnownFileType = sourcecode.swift; path = MangedObjectProtocol.swift; sourceTree = "<group>"; };
		437557811E36AE540002FDB6 /* Employee+Extension.swift */ = {isa = PBXFileReference; fileEncoding = 4; lastKnownFileType = sourcecode.swift; path = "Employee+Extension.swift"; sourceTree = "<group>"; };
		437557831E36B00C0002FDB6 /* Location+Extension.swift */ = {isa = PBXFileReference; fileEncoding = 4; lastKnownFileType = sourcecode.swift; path = "Location+Extension.swift"; sourceTree = "<group>"; };
		437557851E36B0400002FDB6 /* Position+Extension.swift */ = {isa = PBXFileReference; fileEncoding = 4; lastKnownFileType = sourcecode.swift; path = "Position+Extension.swift"; sourceTree = "<group>"; };
		437557871E36B0AC0002FDB6 /* Shift+Extension.swift */ = {isa = PBXFileReference; fileEncoding = 4; lastKnownFileType = sourcecode.swift; path = "Shift+Extension.swift"; sourceTree = "<group>"; };
		43B81A031E36F5DA009AAB01 /* FetchedResultsDataProvider.swift */ = {isa = PBXFileReference; fileEncoding = 4; lastKnownFileType = sourcecode.swift; path = FetchedResultsDataProvider.swift; sourceTree = "<group>"; };
		43B81A051E36F61B009AAB01 /* ItemProviderProtocol.swift */ = {isa = PBXFileReference; fileEncoding = 4; lastKnownFileType = sourcecode.swift; path = ItemProviderProtocol.swift; sourceTree = "<group>"; };
		43B81A071E36F9EC009AAB01 /* TableViewDataSource.swift */ = {isa = PBXFileReference; fileEncoding = 4; lastKnownFileType = sourcecode.swift; path = TableViewDataSource.swift; sourceTree = "<group>"; };
		43B81A091E36FA55009AAB01 /* TableViewConfiguratorProtocol.swift */ = {isa = PBXFileReference; fileEncoding = 4; lastKnownFileType = sourcecode.swift; path = TableViewConfiguratorProtocol.swift; sourceTree = "<group>"; };
		43B81A0C1E36FAC8009AAB01 /* ShiftTableViewConfigurator.swift */ = {isa = PBXFileReference; fileEncoding = 4; lastKnownFileType = sourcecode.swift; path = ShiftTableViewConfigurator.swift; sourceTree = "<group>"; };
/* End PBXFileReference section */

/* Begin PBXFrameworksBuildPhase section */
		437556FA1E36714D0002FDB6 /* Frameworks */ = {
			isa = PBXFrameworksBuildPhase;
			buildActionMask = 2147483647;
			files = (
			);
			runOnlyForDeploymentPostprocessing = 0;
		};
/* End PBXFrameworksBuildPhase section */

/* Begin PBXGroup section */
		431176B41E36B82A0044069A /* Importer */ = {
			isa = PBXGroup;
			children = (
				431176B51E36B83D0044069A /* Importer.swift */,
				431176BB1E36BC0E0044069A /* Repository.swift */,
			);
			name = Importer;
			sourceTree = "<group>";
		};
		432F73FF1E3855CC006AB740 /* Constants */ = {
			isa = PBXGroup;
			children = (
				432F74001E3855D8006AB740 /* Constants.swift */,
			);
			name = Constants;
			sourceTree = "<group>";
		};
		437556F41E36714D0002FDB6 = {
			isa = PBXGroup;
			children = (
				437556FF1E36714D0002FDB6 /* GenericSchedule */,
				437556FE1E36714D0002FDB6 /* Products */,
			);
			sourceTree = "<group>";
		};
		437556FE1E36714D0002FDB6 /* Products */ = {
			isa = PBXGroup;
			children = (
				437556FD1E36714D0002FDB6 /* GenericSchedule.app */,
			);
			name = Products;
			sourceTree = "<group>";
		};
		437556FF1E36714D0002FDB6 /* GenericSchedule */ = {
			isa = PBXGroup;
			children = (
				432F73FF1E3855CC006AB740 /* Constants */,
				43B81A0B1E36FAB3009AAB01 /* TableViewConfiguration */,
				431176B41E36B82A0044069A /* Importer */,
				4375575E1E368E950002FDB6 /* DataSources */,
				4375575D1E368D870002FDB6 /* ViewControllers */,
				4375575C1E368D7E0002FDB6 /* CollectionViewCells */,
				4375575B1E368D770002FDB6 /* TableViewCells */,
				4375575A1E368D6C0002FDB6 /* Protocols */,
				437557591E3686300002FDB6 /* CoreDataModels */,
				437557131E3673A30002FDB6 /* CoreData */,
				437557001E36714D0002FDB6 /* AppDelegate.swift */,
				437557041E36714D0002FDB6 /* Main.storyboard */,
				437557121E36715D0002FDB6 /* Support */,
			);
			path = GenericSchedule;
			sourceTree = "<group>";
		};
		437557121E36715D0002FDB6 /* Support */ = {
			isa = PBXGroup;
			children = (
				437557071E36714D0002FDB6 /* Assets.xcassets */,
				437557091E36714D0002FDB6 /* LaunchScreen.storyboard */,
				4375570C1E36714D0002FDB6 /* Info.plist */,
			);
			name = Support;
			sourceTree = "<group>";
		};
		437557131E3673A30002FDB6 /* CoreData */ = {
			isa = PBXGroup;
			children = (
				437557141E3673B00002FDB6 /* CoreDataStack.swift */,
				437557161E3674E40002FDB6 /* Scheduler.xcdatamodeld */,
			);
			name = CoreData;
			sourceTree = "<group>";
		};
		437557591E3686300002FDB6 /* CoreDataModels */ = {
			isa = PBXGroup;
			children = (
				437557731E36A33E0002FDB6 /* Employee.swift */,
				437557811E36AE540002FDB6 /* Employee+Extension.swift */,
				437557751E36A35C0002FDB6 /* Location.swift */,
				437557831E36B00C0002FDB6 /* Location+Extension.swift */,
				437557771E36A36A0002FDB6 /* Position.swift */,
				437557851E36B0400002FDB6 /* Position+Extension.swift */,
				437557791E36A3830002FDB6 /* Shift.swift */,
				437557871E36B0AC0002FDB6 /* Shift+Extension.swift */,
			);
			name = CoreDataModels;
			sourceTree = "<group>";
		};
		4375575A1E368D6C0002FDB6 /* Protocols */ = {
			isa = PBXGroup;
			children = (
				4375577F1E36AD580002FDB6 /* MangedObjectProtocol.swift */,
				431176B71E36B8710044069A /* ManagedObjectContextFetchable.swift */,
				431176B91E36BB630044069A /* RepositoryProtocol.swift */,
				43B81A051E36F61B009AAB01 /* ItemProviderProtocol.swift */,
				43B81A091E36FA55009AAB01 /* TableViewConfiguratorProtocol.swift */,
			);
			name = Protocols;
			sourceTree = "<group>";
		};
		4375575B1E368D770002FDB6 /* TableViewCells */ = {
			isa = PBXGroup;
			children = (
				4375577B1E36ACC90002FDB6 /* ShiftTableViewCell.swift */,
				4375577C1E36ACC90002FDB6 /* ShiftTableViewCell.xib */,
				432F74021E39059E006AB740 /* ShiftTwoTableViewCell.swift */,
				432F74031E39059E006AB740 /* ShiftTwoTableViewCell.xib */,
				432F74081E3996D2006AB740 /* ShiftThreeTableViewCell.swift */,
				432F74091E3996D2006AB740 /* ShiftThreeTableViewCell.xib */,
			);
			name = TableViewCells;
			sourceTree = "<group>";
		};
		4375575C1E368D7E0002FDB6 /* CollectionViewCells */ = {
			isa = PBXGroup;
			children = (
			);
			name = CollectionViewCells;
			sourceTree = "<group>";
		};
		4375575D1E368D870002FDB6 /* ViewControllers */ = {
			isa = PBXGroup;
			children = (
				4375575F1E369F2C0002FDB6 /* ScheduleTableViewController.swift */,
			);
			name = ViewControllers;
			sourceTree = "<group>";
		};
		4375575E1E368E950002FDB6 /* DataSources */ = {
			isa = PBXGroup;
			children = (
				43B81A031E36F5DA009AAB01 /* FetchedResultsDataProvider.swift */,
				43B81A071E36F9EC009AAB01 /* TableViewDataSource.swift */,
			);
			name = DataSources;
			sourceTree = "<group>";
		};
		43B81A0B1E36FAB3009AAB01 /* TableViewConfiguration */ = {
			isa = PBXGroup;
			children = (
				43B81A0C1E36FAC8009AAB01 /* ShiftTableViewConfigurator.swift */,
				432F74061E391368006AB740 /* ShiftTwoTableViewConfigurator.swift */,
				432F740C1E39988A006AB740 /* ShiftThreeTableViewConfigurator.swift */,
			);
			name = TableViewConfiguration;
			sourceTree = "<group>";
		};
/* End PBXGroup section */

/* Begin PBXNativeTarget section */
		437556FC1E36714D0002FDB6 /* GenericSchedule */ = {
			isa = PBXNativeTarget;
			buildConfigurationList = 4375570F1E36714D0002FDB6 /* Build configuration list for PBXNativeTarget "GenericSchedule" */;
			buildPhases = (
				437556F91E36714D0002FDB6 /* Sources */,
				437556FA1E36714D0002FDB6 /* Frameworks */,
				437556FB1E36714D0002FDB6 /* Resources */,
			);
			buildRules = (
			);
			dependencies = (
			);
			name = GenericSchedule;
			productName = GenericSchedule;
			productReference = 437556FD1E36714D0002FDB6 /* GenericSchedule.app */;
			productType = "com.apple.product-type.application";
		};
/* End PBXNativeTarget section */

/* Begin PBXProject section */
		437556F51E36714D0002FDB6 /* Project object */ = {
			isa = PBXProject;
			attributes = {
				LastSwiftUpdateCheck = 0820;
				LastUpgradeCheck = 0820;
				ORGANIZATIONNAME = "Adam Ahrens";
				TargetAttributes = {
					437556FC1E36714D0002FDB6 = {
						CreatedOnToolsVersion = 8.2.1;
						DevelopmentTeam = DM75P97468;
						ProvisioningStyle = Automatic;
					};
				};
			};
			buildConfigurationList = 437556F81E36714D0002FDB6 /* Build configuration list for PBXProject "GenericSchedule" */;
			compatibilityVersion = "Xcode 3.2";
			developmentRegion = English;
			hasScannedForEncodings = 0;
			knownRegions = (
				en,
				Base,
			);
			mainGroup = 437556F41E36714D0002FDB6;
			productRefGroup = 437556FE1E36714D0002FDB6 /* Products */;
			projectDirPath = "";
			projectRoot = "";
			targets = (
				437556FC1E36714D0002FDB6 /* GenericSchedule */,
			);
		};
/* End PBXProject section */

/* Begin PBXResourcesBuildPhase section */
		437556FB1E36714D0002FDB6 /* Resources */ = {
			isa = PBXResourcesBuildPhase;
			buildActionMask = 2147483647;
			files = (
				4375577E1E36ACC90002FDB6 /* ShiftTableViewCell.xib in Resources */,
				4375570B1E36714D0002FDB6 /* LaunchScreen.storyboard in Resources */,
				432F74051E39059E006AB740 /* ShiftTwoTableViewCell.xib in Resources */,
				437557081E36714D0002FDB6 /* Assets.xcassets in Resources */,
				437557061E36714D0002FDB6 /* Main.storyboard in Resources */,
				432F740B1E3996D2006AB740 /* ShiftThreeTableViewCell.xib in Resources */,
			);
			runOnlyForDeploymentPostprocessing = 0;
		};
/* End PBXResourcesBuildPhase section */

/* Begin PBXSourcesBuildPhase section */
		437556F91E36714D0002FDB6 /* Sources */ = {
			isa = PBXSourcesBuildPhase;
			buildActionMask = 2147483647;
			files = (
				4375577D1E36ACC90002FDB6 /* ShiftTableViewCell.swift in Sources */,
				431176BA1E36BB630044069A /* RepositoryProtocol.swift in Sources */,
				43B81A0A1E36FA55009AAB01 /* TableViewConfiguratorProtocol.swift in Sources */,
				437557601E369F2C0002FDB6 /* ScheduleTableViewController.swift in Sources */,
				432F74041E39059E006AB740 /* ShiftTwoTableViewCell.swift in Sources */,
				437557741E36A33E0002FDB6 /* Employee.swift in Sources */,
				437557821E36AE540002FDB6 /* Employee+Extension.swift in Sources */,
				437557011E36714D0002FDB6 /* AppDelegate.swift in Sources */,
				431176B61E36B83D0044069A /* Importer.swift in Sources */,
				43B81A041E36F5DA009AAB01 /* FetchedResultsDataProvider.swift in Sources */,
				437557181E3674E40002FDB6 /* Scheduler.xcdatamodeld in Sources */,
				437557861E36B0400002FDB6 /* Position+Extension.swift in Sources */,
				43B81A0D1E36FAC8009AAB01 /* ShiftTableViewConfigurator.swift in Sources */,
				431176B81E36B8710044069A /* ManagedObjectContextFetchable.swift in Sources */,
				431176BC1E36BC0E0044069A /* Repository.swift in Sources */,
				43B81A081E36F9EC009AAB01 /* TableViewDataSource.swift in Sources */,
				437557881E36B0AC0002FDB6 /* Shift+Extension.swift in Sources */,
				43B81A061E36F61B009AAB01 /* ItemProviderProtocol.swift in Sources */,
				437557841E36B00C0002FDB6 /* Location+Extension.swift in Sources */,
				4375577A1E36A3830002FDB6 /* Shift.swift in Sources */,
				432F740A1E3996D2006AB740 /* ShiftThreeTableViewCell.swift in Sources */,
				432F74071E391368006AB740 /* ShiftTwoTableViewConfigurator.swift in Sources */,
				437557151E3673B00002FDB6 /* CoreDataStack.swift in Sources */,
				437557781E36A36A0002FDB6 /* Position.swift in Sources */,
				432F740D1E39988A006AB740 /* ShiftThreeTableViewConfigurator.swift in Sources */,
				437557761E36A35C0002FDB6 /* Location.swift in Sources */,
				437557801E36AD580002FDB6 /* MangedObjectProtocol.swift in Sources */,
				432F74011E3855D8006AB740 /* Constants.swift in Sources */,
			);
			runOnlyForDeploymentPostprocessing = 0;
		};
/* End PBXSourcesBuildPhase section */

/* Begin PBXVariantGroup section */
		437557041E36714D0002FDB6 /* Main.storyboard */ = {
			isa = PBXVariantGroup;
			children = (
				437557051E36714D0002FDB6 /* Base */,
			);
			name = Main.storyboard;
			sourceTree = "<group>";
		};
		437557091E36714D0002FDB6 /* LaunchScreen.storyboard */ = {
			isa = PBXVariantGroup;
			children = (
				4375570A1E36714D0002FDB6 /* Base */,
			);
			name = LaunchScreen.storyboard;
			sourceTree = "<group>";
		};
/* End PBXVariantGroup section */

/* Begin XCBuildConfiguration section */
		4375570D1E36714D0002FDB6 /* Debug */ = {
			isa = XCBuildConfiguration;
			buildSettings = {
				ALWAYS_SEARCH_USER_PATHS = NO;
				CLANG_ANALYZER_NONNULL = YES;
				CLANG_CXX_LANGUAGE_STANDARD = "gnu++0x";
				CLANG_CXX_LIBRARY = "libc++";
				CLANG_ENABLE_MODULES = YES;
				CLANG_ENABLE_OBJC_ARC = YES;
				CLANG_WARN_BOOL_CONVERSION = YES;
				CLANG_WARN_CONSTANT_CONVERSION = YES;
				CLANG_WARN_DIRECT_OBJC_ISA_USAGE = YES_ERROR;
				CLANG_WARN_DOCUMENTATION_COMMENTS = YES;
				CLANG_WARN_EMPTY_BODY = YES;
				CLANG_WARN_ENUM_CONVERSION = YES;
				CLANG_WARN_INFINITE_RECURSION = YES;
				CLANG_WARN_INT_CONVERSION = YES;
				CLANG_WARN_OBJC_ROOT_CLASS = YES_ERROR;
				CLANG_WARN_SUSPICIOUS_MOVE = YES;
				CLANG_WARN_UNREACHABLE_CODE = YES;
				CLANG_WARN__DUPLICATE_METHOD_MATCH = YES;
				"CODE_SIGN_IDENTITY[sdk=iphoneos*]" = "iPhone Developer";
				COPY_PHASE_STRIP = NO;
				DEBUG_INFORMATION_FORMAT = dwarf;
				ENABLE_STRICT_OBJC_MSGSEND = YES;
				ENABLE_TESTABILITY = YES;
				GCC_C_LANGUAGE_STANDARD = gnu99;
				GCC_DYNAMIC_NO_PIC = NO;
				GCC_NO_COMMON_BLOCKS = YES;
				GCC_OPTIMIZATION_LEVEL = 0;
				GCC_PREPROCESSOR_DEFINITIONS = (
					"DEBUG=1",
					"$(inherited)",
				);
				GCC_WARN_64_TO_32_BIT_CONVERSION = YES;
				GCC_WARN_ABOUT_RETURN_TYPE = YES_ERROR;
				GCC_WARN_UNDECLARED_SELECTOR = YES;
				GCC_WARN_UNINITIALIZED_AUTOS = YES_AGGRESSIVE;
				GCC_WARN_UNUSED_FUNCTION = YES;
				GCC_WARN_UNUSED_VARIABLE = YES;
				IPHONEOS_DEPLOYMENT_TARGET = 10.2;
				MTL_ENABLE_DEBUG_INFO = YES;
				ONLY_ACTIVE_ARCH = YES;
				SDKROOT = iphoneos;
				SWIFT_ACTIVE_COMPILATION_CONDITIONS = DEBUG;
				SWIFT_OPTIMIZATION_LEVEL = "-Onone";
			};
			name = Debug;
		};
		4375570E1E36714D0002FDB6 /* Release */ = {
			isa = XCBuildConfiguration;
			buildSettings = {
				ALWAYS_SEARCH_USER_PATHS = NO;
				CLANG_ANALYZER_NONNULL = YES;
				CLANG_CXX_LANGUAGE_STANDARD = "gnu++0x";
				CLANG_CXX_LIBRARY = "libc++";
				CLANG_ENABLE_MODULES = YES;
				CLANG_ENABLE_OBJC_ARC = YES;
				CLANG_WARN_BOOL_CONVERSION = YES;
				CLANG_WARN_CONSTANT_CONVERSION = YES;
				CLANG_WARN_DIRECT_OBJC_ISA_USAGE = YES_ERROR;
				CLANG_WARN_DOCUMENTATION_COMMENTS = YES;
				CLANG_WARN_EMPTY_BODY = YES;
				CLANG_WARN_ENUM_CONVERSION = YES;
				CLANG_WARN_INFINITE_RECURSION = YES;
				CLANG_WARN_INT_CONVERSION = YES;
				CLANG_WARN_OBJC_ROOT_CLASS = YES_ERROR;
				CLANG_WARN_SUSPICIOUS_MOVE = YES;
				CLANG_WARN_UNREACHABLE_CODE = YES;
				CLANG_WARN__DUPLICATE_METHOD_MATCH = YES;
				"CODE_SIGN_IDENTITY[sdk=iphoneos*]" = "iPhone Developer";
				COPY_PHASE_STRIP = NO;
				DEBUG_INFORMATION_FORMAT = "dwarf-with-dsym";
				ENABLE_NS_ASSERTIONS = NO;
				ENABLE_STRICT_OBJC_MSGSEND = YES;
				GCC_C_LANGUAGE_STANDARD = gnu99;
				GCC_NO_COMMON_BLOCKS = YES;
				GCC_WARN_64_TO_32_BIT_CONVERSION = YES;
				GCC_WARN_ABOUT_RETURN_TYPE = YES_ERROR;
				GCC_WARN_UNDECLARED_SELECTOR = YES;
				GCC_WARN_UNINITIALIZED_AUTOS = YES_AGGRESSIVE;
				GCC_WARN_UNUSED_FUNCTION = YES;
				GCC_WARN_UNUSED_VARIABLE = YES;
				IPHONEOS_DEPLOYMENT_TARGET = 10.2;
				MTL_ENABLE_DEBUG_INFO = NO;
				SDKROOT = iphoneos;
				SWIFT_OPTIMIZATION_LEVEL = "-Owholemodule";
				VALIDATE_PRODUCT = YES;
			};
			name = Release;
		};
		437557101E36714D0002FDB6 /* Debug */ = {
			isa = XCBuildConfiguration;
			buildSettings = {
				ASSETCATALOG_COMPILER_APPICON_NAME = AppIcon;
				DEVELOPMENT_TEAM = DM75P97468;
				INFOPLIST_FILE = GenericSchedule/Info.plist;
				LD_RUNPATH_SEARCH_PATHS = "$(inherited) @executable_path/Frameworks";
				PRODUCT_BUNDLE_IDENTIFIER = appsbyahrens.GenericSchedule;
				PRODUCT_NAME = "$(TARGET_NAME)";
				SWIFT_VERSION = 3.0;
			};
			name = Debug;
		};
		437557111E36714D0002FDB6 /* Release */ = {
			isa = XCBuildConfiguration;
			buildSettings = {
				ASSETCATALOG_COMPILER_APPICON_NAME = AppIcon;
				DEVELOPMENT_TEAM = DM75P97468;
				INFOPLIST_FILE = GenericSchedule/Info.plist;
				LD_RUNPATH_SEARCH_PATHS = "$(inherited) @executable_path/Frameworks";
				PRODUCT_BUNDLE_IDENTIFIER = appsbyahrens.GenericSchedule;
				PRODUCT_NAME = "$(TARGET_NAME)";
				SWIFT_VERSION = 3.0;
			};
			name = Release;
		};
/* End XCBuildConfiguration section */

/* Begin XCConfigurationList section */
		437556F81E36714D0002FDB6 /* Build configuration list for PBXProject "GenericSchedule" */ = {
			isa = XCConfigurationList;
			buildConfigurations = (
				4375570D1E36714D0002FDB6 /* Debug */,
				4375570E1E36714D0002FDB6 /* Release */,
			);
			defaultConfigurationIsVisible = 0;
			defaultConfigurationName = Release;
		};
		4375570F1E36714D0002FDB6 /* Build configuration list for PBXNativeTarget "GenericSchedule" */ = {
			isa = XCConfigurationList;
			buildConfigurations = (
				437557101E36714D0002FDB6 /* Debug */,
				437557111E36714D0002FDB6 /* Release */,
			);
			defaultConfigurationIsVisible = 0;
			defaultConfigurationName = Release;
		};
/* End XCConfigurationList section */

/* Begin XCVersionGroup section */
		437557161E3674E40002FDB6 /* Scheduler.xcdatamodeld */ = {
			isa = XCVersionGroup;
			children = (
				437557171E3674E40002FDB6 /* Scheduler.xcdatamodel */,
			);
			currentVersion = 437557171E3674E40002FDB6 /* Scheduler.xcdatamodel */;
			path = Scheduler.xcdatamodeld;
			sourceTree = "<group>";
			versionGroupType = wrapper.xcdatamodel;
		};
/* End XCVersionGroup section */
	};
	rootObject = 437556F51E36714D0002FDB6 /* Project object */;
}
